# AMBF Version: (0.1)
# Generated By: ambf_addon for Blender (2.79.0)
# Link: https://github.com/WPI-AIM/ambf_addon
# Generated on: 2019-09-19 00:28:06
soft bodies: [BODY Cheese]
joints: []
high resolution path: ./high_res/
low resolution path: ./low_res/
ignore inter-collision: false
namespace: /ambf/env/cheese/
BODY Cheese:
  name: Cheese
  mesh: Cheese.STL
  mass: 10.0
  collision margin: 0.001
  scale: 1.0
  location:
    orientation: {p: -0.0, r: 0.0, y: 0.0}
    position: {x: -1.3, y: 0.0, z: -1.0}
  color components:
    ambient: {level: 1.0}
    diffuse: {b: 0.0, g: 0.4941, r: 0.8}
    specular: {b: 1.0, g: 1.0, r: 1.0}
    transparency: 1.0
  config: {
    kDP: 0.001, # damping
    kDF: 10.0,  #
    kMT: 0.001,
    clusters: 0,
    flags: 18,
    }
